
Microsoft Visual Studio Solution File, Format Version 12.00
# Visual Studio 15
VisualStudioVersion = 15.0.28010.2026
MinimumVisualStudioVersion = 10.0.40219.1
Project("{FAE04EC0-301F-11D3-BF4B-00C04F79EFBC}") = "Euler21", "Euler21\Euler21.csproj", "{6D400D2D-8B1A-4114-A56F-D79C69E3AAE7}"
EndProject
Global
	GlobalSection(SolutionConfigurationPlatforms) = preSolution
		Debug|Any CPU = Debug|Any CPU
		Release|Any CPU = Release|Any CPU
	EndGlobalSection
	GlobalSection(ProjectConfigurationPlatforms) = postSolution
		{6D400D2D-8B1A-4114-A56F-D79C69E3AAE7}.Debug|Any CPU.ActiveCfg = Debug|Any CPU
		{6D400D2D-8B1A-4114-A56F-D79C69E3AAE7}.Debug|Any CPU.Build.0 = Debug|Any CPU
		{6D400D2D-8B1A-4114-A56F-D79C69E3AAE7}.Release|Any CPU.ActiveCfg = Release|Any CPU
		{6D400D2D-8B1A-4114-A56F-D79C69E3AAE7}.Release|Any CPU.Build.0 = Release|Any CPU
	EndGlobalSection
	GlobalSection(SolutionProperties) = preSolution
		HideSolutionNode = FALSE
	EndGlobalSection
	GlobalSection(ExtensibilityGlobals) = postSolution
		SolutionGuid = {23CED7B3-84FA-4806-807B-6BF41707F430}
	EndGlobalSection
EndGlobal
