
Microsoft Visual Studio Solution File, Format Version 12.00
# Visual Studio 15
VisualStudioVersion = 15.0.28010.2026
MinimumVisualStudioVersion = 10.0.40219.1
Project("{FAE04EC0-301F-11D3-BF4B-00C04F79EFBC}") = "Euler22", "Euler22\Euler22.csproj", "{2A3C4391-3095-42E1-9590-D201187D7E3F}"
EndProject
Global
	GlobalSection(SolutionConfigurationPlatforms) = preSolution
		Debug|Any CPU = Debug|Any CPU
		Release|Any CPU = Release|Any CPU
	EndGlobalSection
	GlobalSection(ProjectConfigurationPlatforms) = postSolution
		{2A3C4391-3095-42E1-9590-D201187D7E3F}.Debug|Any CPU.ActiveCfg = Debug|Any CPU
		{2A3C4391-3095-42E1-9590-D201187D7E3F}.Debug|Any CPU.Build.0 = Debug|Any CPU
		{2A3C4391-3095-42E1-9590-D201187D7E3F}.Release|Any CPU.ActiveCfg = Release|Any CPU
		{2A3C4391-3095-42E1-9590-D201187D7E3F}.Release|Any CPU.Build.0 = Release|Any CPU
	EndGlobalSection
	GlobalSection(SolutionProperties) = preSolution
		HideSolutionNode = FALSE
	EndGlobalSection
	GlobalSection(ExtensibilityGlobals) = postSolution
		SolutionGuid = {0EC0E520-C596-4668-8D7B-364CF5D93233}
	EndGlobalSection
EndGlobal
