
Microsoft Visual Studio Solution File, Format Version 12.00
# Visual Studio 15
VisualStudioVersion = 15.0.28010.2026
MinimumVisualStudioVersion = 10.0.40219.1
Project("{FAE04EC0-301F-11D3-BF4B-00C04F79EFBC}") = "Euler23", "Euler23\Euler23.csproj", "{905BD57A-DF77-444C-85D3-D02E679B6B8D}"
EndProject
Global
	GlobalSection(SolutionConfigurationPlatforms) = preSolution
		Debug|Any CPU = Debug|Any CPU
		Release|Any CPU = Release|Any CPU
	EndGlobalSection
	GlobalSection(ProjectConfigurationPlatforms) = postSolution
		{905BD57A-DF77-444C-85D3-D02E679B6B8D}.Debug|Any CPU.ActiveCfg = Debug|Any CPU
		{905BD57A-DF77-444C-85D3-D02E679B6B8D}.Debug|Any CPU.Build.0 = Debug|Any CPU
		{905BD57A-DF77-444C-85D3-D02E679B6B8D}.Release|Any CPU.ActiveCfg = Release|Any CPU
		{905BD57A-DF77-444C-85D3-D02E679B6B8D}.Release|Any CPU.Build.0 = Release|Any CPU
	EndGlobalSection
	GlobalSection(SolutionProperties) = preSolution
		HideSolutionNode = FALSE
	EndGlobalSection
	GlobalSection(ExtensibilityGlobals) = postSolution
		SolutionGuid = {8E40D98C-EBEF-478D-8980-7358AB6E3289}
	EndGlobalSection
EndGlobal
